
Microsoft Visual Studio Solution File, Format Version 12.00
# Visual Studio 15
Project("{FAE04EC0-301F-11D3-BF4B-00C04F79EFBC}") = "Unity.Timeline", "Unity.Timeline.csproj", "{7D799AC6-DEB2-8448-3E9F-7321456F1DFA}"
EndProject
Project("{FAE04EC0-301F-11D3-BF4B-00C04F79EFBC}") = "Autodesk.Fbx", "Autodesk.Fbx.csproj", "{66B8AB5B-1D3A-6773-18E1-A378B616EC71}"
EndProject
Project("{FAE04EC0-301F-11D3-BF4B-00C04F79EFBC}") = "Unity.ShaderGraph.Editor", "Unity.ShaderGraph.Editor.csproj", "{0E3C547E-1310-8A7B-49F2-FEC01805006A}"
EndProject
Project("{FAE04EC0-301F-11D3-BF4B-00C04F79EFBC}") = "Assembly-CSharp", "Assembly-CSharp.csproj", "{9A63F788-A62D-C487-7680-9ABC19C011EA}"
EndProject
Project("{FAE04EC0-301F-11D3-BF4B-00C04F79EFBC}") = "Unity.VisualScripting.Flow", "Unity.VisualScripting.Flow.csproj", "{E4B52BBF-985A-E041-EB8F-217E95D90308}"
EndProject
Project("{FAE04EC0-301F-11D3-BF4B-00C04F79EFBC}") = "Unity.RenderPipelines.Universal.Runtime", "Unity.RenderPipelines.Universal.Runtime.csproj", "{34D36AE1-763F-C43E-4C8C-F4397393778E}"
EndProject
Project("{FAE04EC0-301F-11D3-BF4B-00C04F79EFBC}") = "Unity.ProBuilder", "Unity.ProBuilder.csproj", "{0423898F-EFE3-AE56-76C1-DF0B1491300A}"
EndProject
Project("{FAE04EC0-301F-11D3-BF4B-00C04F79EFBC}") = "UnityEditor.UI", "UnityEditor.UI.csproj", "{AD95A2C8-84D0-B09A-C1DF-E45DC00033B6}"
EndProject
Project("{FAE04EC0-301F-11D3-BF4B-00C04F79EFBC}") = "Unity.Timeline.Editor", "Unity.Timeline.Editor.csproj", "{DB7B1865-DE2D-611F-B820-32F02E39DF1F}"
EndProject
Project("{FAE04EC0-301F-11D3-BF4B-00C04F79EFBC}") = "Unity.PlasticSCM.Editor", "Unity.PlasticSCM.Editor.csproj", "{31142948-E8A4-E7AA-91DE-2E483C8804C1}"
EndProject
Project("{FAE04EC0-301F-11D3-BF4B-00C04F79EFBC}") = "Unity.RenderPipelines.Core.Runtime", "Unity.RenderPipelines.Core.Runtime.csproj", "{E0AB2452-7E37-FC1F-4B18-4DD4C19F8DF4}"
EndProject
Project("{FAE04EC0-301F-11D3-BF4B-00C04F79EFBC}") = "Unity.Mathematics", "Unity.Mathematics.csproj", "{2081637C-9C07-F78F-A149-70221283B3D7}"
EndProject
Project("{FAE04EC0-301F-11D3-BF4B-00C04F79EFBC}") = "Unity.RenderPipelines.Core.Editor", "Unity.RenderPipelines.Core.Editor.csproj", "{A1093D10-49CA-08A6-683A-4FC409D467AA}"
EndProject
Project("{FAE04EC0-301F-11D3-BF4B-00C04F79EFBC}") = "Unity.ProBuilder.Editor", "Unity.ProBuilder.Editor.csproj", "{B24EF034-82AD-958A-3619-A4A3B8282D61}"
EndProject
Project("{FAE04EC0-301F-11D3-BF4B-00C04F79EFBC}") = "Unity.VisualScripting.Core.Editor", "Unity.VisualScripting.Core.Editor.csproj", "{489AF854-0EC7-C8C8-CC49-2F0A2803369B}"
EndProject
Project("{FAE04EC0-301F-11D3-BF4B-00C04F79EFBC}") = "UnityEditor.TestRunner", "UnityEditor.TestRunner.csproj", "{E35EDF45-ECBB-C015-AC96-536CB73CC634}"
EndProject
Project("{FAE04EC0-301F-11D3-BF4B-00C04F79EFBC}") = "Unity.ProBuilder.Poly2Tri", "Unity.ProBuilder.Poly2Tri.csproj", "{6DBB3671-4817-ECBB-6D2C-51A8939A7C4A}"
EndProject
Project("{FAE04EC0-301F-11D3-BF4B-00C04F79EFBC}") = "Unity.RenderPipelines.Universal.Editor", "Unity.RenderPipelines.Universal.Editor.csproj", "{4D5DFD7A-7085-E1A2-5A0E-5C9A88411C90}"
EndProject
Project("{FAE04EC0-301F-11D3-BF4B-00C04F79EFBC}") = "Unity.TextMeshPro.Editor", "Unity.TextMeshPro.Editor.csproj", "{4619EB5F-F360-AEF3-DFEE-DA46CBE882F8}"
EndProject
Project("{FAE04EC0-301F-11D3-BF4B-00C04F79EFBC}") = "Unity.VisualScripting.Flow.Editor", "Unity.VisualScripting.Flow.Editor.csproj", "{6E2C91C4-F179-16AC-C707-CBFBCAF0745D}"
EndProject
Project("{FAE04EC0-301F-11D3-BF4B-00C04F79EFBC}") = "UnityEngine.TestRunner", "UnityEngine.TestRunner.csproj", "{1E778404-F9A6-1F6E-DDF9-E1EDD021812E}"
EndProject
Project("{FAE04EC0-301F-11D3-BF4B-00C04F79EFBC}") = "Unity.VisualScripting.Core", "Unity.VisualScripting.Core.csproj", "{961EDF51-C8AC-D8D4-2A21-45443FBF63DD}"
EndProject
Project("{FAE04EC0-301F-11D3-BF4B-00C04F79EFBC}") = "Unity.Searcher.Editor", "Unity.Searcher.Editor.csproj", "{B89ABA5E-3C8F-AB62-ADDA-A19FA378FDBE}"
EndProject
Project("{FAE04EC0-301F-11D3-BF4B-00C04F79EFBC}") = "Unity.Burst", "Unity.Burst.csproj", "{A02EA945-923C-20E6-6B85-65A2AF079EB5}"
EndProject
Project("{FAE04EC0-301F-11D3-BF4B-00C04F79EFBC}") = "Unity.ProBuilder.Csg", "Unity.ProBuilder.Csg.csproj", "{D24AA160-A7EC-84E6-5ADD-49D598869493}"
EndProject
Project("{FAE04EC0-301F-11D3-BF4B-00C04F79EFBC}") = "Cinemachine", "Cinemachine.csproj", "{3153DF43-A524-973B-ACF0-BAF978F4D973}"
EndProject
Project("{FAE04EC0-301F-11D3-BF4B-00C04F79EFBC}") = "Unity.VisualStudio.Editor", "Unity.VisualStudio.Editor.csproj", "{5326B139-E76E-A9AD-52A9-EA709095518F}"
EndProject
Project("{FAE04EC0-301F-11D3-BF4B-00C04F79EFBC}") = "PPv2URPConverters", "PPv2URPConverters.csproj", "{FB2FADEC-D159-3EA4-78AE-EEFA743A9860}"
EndProject
Project("{FAE04EC0-301F-11D3-BF4B-00C04F79EFBC}") = "Unity.Rider.Editor", "Unity.Rider.Editor.csproj", "{8D6A49B4-1B26-F88C-3517-A112ACB980D8}"
EndProject
Project("{FAE04EC0-301F-11D3-BF4B-00C04F79EFBC}") = "Unity.VisualScripting.State.Editor", "Unity.VisualScripting.State.Editor.csproj", "{D3875141-42AB-80E7-F991-37646327F67D}"
EndProject
Project("{FAE04EC0-301F-11D3-BF4B-00C04F79EFBC}") = "com.unity.cinemachine.editor", "com.unity.cinemachine.editor.csproj", "{94842B4D-3C51-9E21-FAB1-3ED5AA0A31B7}"
EndProject
Project("{FAE04EC0-301F-11D3-BF4B-00C04F79EFBC}") = "UnityEngine.UI", "UnityEngine.UI.csproj", "{02A688A6-C6F9-3A26-D0C8-A28CB78428AE}"
EndProject
Project("{FAE04EC0-301F-11D3-BF4B-00C04F79EFBC}") = "Unity.Burst.CodeGen", "Unity.Burst.CodeGen.csproj", "{6692048D-14F3-6553-8C93-1AF3D79FDCE2}"
EndProject
Project("{FAE04EC0-301F-11D3-BF4B-00C04F79EFBC}") = "Unity.Postprocessing.Runtime", "Unity.Postprocessing.Runtime.csproj", "{B04379A4-9F3E-C628-C421-84BA860887A6}"
EndProject
Project("{FAE04EC0-301F-11D3-BF4B-00C04F79EFBC}") = "Unity.RenderPipeline.Universal.ShaderLibrary", "Unity.RenderPipeline.Universal.ShaderLibrary.csproj", "{2206E8A0-D88D-751A-E8F7-409B13B24E4C}"
EndProject
Project("{FAE04EC0-301F-11D3-BF4B-00C04F79EFBC}") = "Unity.Postprocessing.Editor", "Unity.Postprocessing.Editor.csproj", "{CCB7B23F-01E9-474E-18DB-214E097B62E6}"
EndProject
Project("{FAE04EC0-301F-11D3-BF4B-00C04F79EFBC}") = "Unity.VisualScripting.State", "Unity.VisualScripting.State.csproj", "{05FD4AEE-B75C-3DEB-54DE-1DD35038B3A0}"
EndProject
Project("{FAE04EC0-301F-11D3-BF4B-00C04F79EFBC}") = "Unity.Formats.Fbx.Runtime", "Unity.Formats.Fbx.Runtime.csproj", "{72DB2D24-6D1B-16DC-8054-74573DD6EEF5}"
EndProject
Project("{FAE04EC0-301F-11D3-BF4B-00C04F79EFBC}") = "Unity.TextMeshPro", "Unity.TextMeshPro.csproj", "{9F6AF782-2EC0-BF78-C939-C0F457EEC0F4}"
EndProject
Project("{FAE04EC0-301F-11D3-BF4B-00C04F79EFBC}") = "Unity.VisualScripting.SettingsProvider.Editor", "Unity.VisualScripting.SettingsProvider.Editor.csproj", "{125F1573-F4ED-B0BF-602B-9119BA89FF15}"
EndProject
Project("{FAE04EC0-301F-11D3-BF4B-00C04F79EFBC}") = "Unity.VSCode.Editor", "Unity.VSCode.Editor.csproj", "{C677D190-4B6A-7A25-BBEA-3E681BC177BE}"
EndProject
Project("{FAE04EC0-301F-11D3-BF4B-00C04F79EFBC}") = "Unity.Burst.Editor", "Unity.Burst.Editor.csproj", "{62597539-A98C-1033-C1C9-20F509604D7B}"
EndProject
Project("{FAE04EC0-301F-11D3-BF4B-00C04F79EFBC}") = "Unity.Formats.Fbx.Editor", "Unity.Formats.Fbx.Editor.csproj", "{0494C5C8-9DC4-3C08-A692-A85A5723AC04}"
EndProject
Project("{FAE04EC0-301F-11D3-BF4B-00C04F79EFBC}") = "Assembly-CSharp-firstpass", "Assembly-CSharp-firstpass.csproj", "{038762CC-F45F-CF28-41C6-FFC0C8431DA4}"
EndProject
Project("{FAE04EC0-301F-11D3-BF4B-00C04F79EFBC}") = "Unity.ProBuilder.Stl", "Unity.ProBuilder.Stl.csproj", "{4D9B5BA7-6E53-52C7-96EA-4725FC91F83F}"
EndProject
Project("{FAE04EC0-301F-11D3-BF4B-00C04F79EFBC}") = "Unity.Settings.Editor", "Unity.Settings.Editor.csproj", "{BC748373-39E4-2628-65D4-3EFAF922B695}"
EndProject
Project("{FAE04EC0-301F-11D3-BF4B-00C04F79EFBC}") = "Unity.ProBuilder.KdTree", "Unity.ProBuilder.KdTree.csproj", "{7C09EE4F-31FA-8F21-8506-79CFED7535D3}"
EndProject
Project("{FAE04EC0-301F-11D3-BF4B-00C04F79EFBC}") = "Unity.ProBuilder.AddOns.Editor", "Unity.ProBuilder.AddOns.Editor.csproj", "{6277995B-A3B4-8A9B-A295-1226CFFB6AF2}"
EndProject
Project("{FAE04EC0-301F-11D3-BF4B-00C04F79EFBC}") = "Unity.Mathematics.Editor", "Unity.Mathematics.Editor.csproj", "{FC82FE99-2B33-772D-5C85-062DF3EAF839}"
EndProject
Project("{FAE04EC0-301F-11D3-BF4B-00C04F79EFBC}") = "Unity.ProBuilder.AssetIdRemapUtility", "Unity.ProBuilder.AssetIdRemapUtility.csproj", "{CF927F56-8D76-3368-E90C-472FA88CB67F}"
EndProject
Project("{FAE04EC0-301F-11D3-BF4B-00C04F79EFBC}") = "Unity.ShaderGraph.Utilities", "Unity.ShaderGraph.Utilities.csproj", "{14FA4CFF-6505-76BB-CDFA-EFFB0636C172}"
EndProject
Project("{FAE04EC0-301F-11D3-BF4B-00C04F79EFBC}") = "Unity.VisualScripting.Shared.Editor", "Unity.VisualScripting.Shared.Editor.csproj", "{DADAB07E-3950-1841-5646-669FFF4670E7}"
EndProject
Project("{FAE04EC0-301F-11D3-BF4B-00C04F79EFBC}") = "Autodesk.Fbx.Editor", "Autodesk.Fbx.Editor.csproj", "{A64693FA-FE31-3B54-6CB7-C726EF892081}"
EndProject
Project("{FAE04EC0-301F-11D3-BF4B-00C04F79EFBC}") = "Unity.CollabProxy.Editor", "Unity.CollabProxy.Editor.csproj", "{C0E1378F-9156-8E4B-141D-682ECB872317}"
EndProject
Project("{FAE04EC0-301F-11D3-BF4B-00C04F79EFBC}") = "Unity.RenderPipelines.ShaderGraph.ShaderGraphLibrary", "Unity.RenderPipelines.ShaderGraph.ShaderGraphLibrary.csproj", "{9BDBD893-6982-F000-D035-D7B90D5353C8}"
EndProject
Project("{FAE04EC0-301F-11D3-BF4B-00C04F79EFBC}") = "Unity.RenderPipelines.Core.ShaderLibrary", "Unity.RenderPipelines.Core.ShaderLibrary.csproj", "{5F39C146-0387-2D36-0A85-032C7A747FB2}"
EndProject
Project("{FAE04EC0-301F-11D3-BF4B-00C04F79EFBC}") = "FbxBuildTestAssets", "FbxBuildTestAssets.csproj", "{82B74932-E52F-2F55-7161-396F010B4788}"
EndProject
Project("{FAE04EC0-301F-11D3-BF4B-00C04F79EFBC}") = "Unity.RenderPipelines.Universal.Shaders", "Unity.RenderPipelines.Universal.Shaders.csproj", "{8A60059F-A877-CC31-4C79-8D27CB6BBA74}"
EndProject
Project("{FAE04EC0-301F-11D3-BF4B-00C04F79EFBC}") = "Unity.Timeline", "Unity.Timeline.Player.csproj", "{4151D3CF-D19B-319D-87AB-5922DBE1274C}"
EndProject
Project("{FAE04EC0-301F-11D3-BF4B-00C04F79EFBC}") = "Autodesk.Fbx", "Autodesk.Fbx.Player.csproj", "{7BEFDFF3-46C1-16FD-65F5-58B8A93B91B8}"
EndProject
Project("{FAE04EC0-301F-11D3-BF4B-00C04F79EFBC}") = "Assembly-CSharp", "Assembly-CSharp.Player.csproj", "{ABB42CFC-2D08-9C98-89D9-699B54CF0096}"
EndProject
Project("{FAE04EC0-301F-11D3-BF4B-00C04F79EFBC}") = "Unity.VisualScripting.Flow", "Unity.VisualScripting.Flow.Player.csproj", "{588B8C81-4381-145F-3931-C609C5850673}"
EndProject
Project("{FAE04EC0-301F-11D3-BF4B-00C04F79EFBC}") = "Unity.RenderPipelines.Universal.Runtime", "Unity.RenderPipelines.Universal.Runtime.Player.csproj", "{7ECD3F50-24A9-2701-FE36-942E219FEAC8}"
EndProject
Project("{FAE04EC0-301F-11D3-BF4B-00C04F79EFBC}") = "Unity.ProBuilder", "Unity.ProBuilder.Player.csproj", "{D3F31CE7-AFCD-B9AF-EE89-0313EAA83F66}"
EndProject
Project("{FAE04EC0-301F-11D3-BF4B-00C04F79EFBC}") = "Unity.RenderPipelines.Core.Runtime", "Unity.RenderPipelines.Core.Runtime.Player.csproj", "{CCACC07B-BA93-09A0-0106-4D0D69984502}"
EndProject
Project("{FAE04EC0-301F-11D3-BF4B-00C04F79EFBC}") = "Unity.Mathematics", "Unity.Mathematics.Player.csproj", "{C3C4475C-7FF9-CF65-6D47-D2691767124A}"
EndProject
Project("{FAE04EC0-301F-11D3-BF4B-00C04F79EFBC}") = "Unity.ProBuilder.Poly2Tri", "Unity.ProBuilder.Poly2Tri.Player.csproj", "{E5AF1E47-D6A1-E6FA-045C-CA62ADD8E4B5}"
EndProject
Project("{FAE04EC0-301F-11D3-BF4B-00C04F79EFBC}") = "UnityEngine.TestRunner", "UnityEngine.TestRunner.Player.csproj", "{C7AB4A21-6B79-A226-35C0-44E2FD1DAF99}"
EndProject
Project("{FAE04EC0-301F-11D3-BF4B-00C04F79EFBC}") = "Unity.VisualScripting.Core", "Unity.VisualScripting.Core.Player.csproj", "{500715EB-BD69-3FD1-5EA4-79807C86AD8D}"
EndProject
Project("{FAE04EC0-301F-11D3-BF4B-00C04F79EFBC}") = "Unity.Burst", "Unity.Burst.Player.csproj", "{65551EFD-FA03-FA8B-1348-B4C8FCD24159}"
EndProject
Project("{FAE04EC0-301F-11D3-BF4B-00C04F79EFBC}") = "Unity.ProBuilder.Csg", "Unity.ProBuilder.Csg.Player.csproj", "{3BAEF62C-A973-0C2B-4400-83EAC0ED420E}"
EndProject
Project("{FAE04EC0-301F-11D3-BF4B-00C04F79EFBC}") = "Cinemachine", "Cinemachine.Player.csproj", "{2996719E-C4A1-7C0B-53D5-88DBE14552F5}"
EndProject
Project("{FAE04EC0-301F-11D3-BF4B-00C04F79EFBC}") = "UnityEngine.UI", "UnityEngine.UI.Player.csproj", "{6E673A25-E93D-2C2D-7330-FACB557CCF84}"
EndProject
Project("{FAE04EC0-301F-11D3-BF4B-00C04F79EFBC}") = "Unity.Postprocessing.Runtime", "Unity.Postprocessing.Runtime.Player.csproj", "{6AF94F35-2DB1-80CC-9C1D-FB90839371B8}"
EndProject
Project("{FAE04EC0-301F-11D3-BF4B-00C04F79EFBC}") = "Unity.RenderPipeline.Universal.ShaderLibrary", "Unity.RenderPipeline.Universal.ShaderLibrary.Player.csproj", "{3BCA2092-38CB-164D-3AF7-0A777C75A11D}"
EndProject
Project("{FAE04EC0-301F-11D3-BF4B-00C04F79EFBC}") = "Unity.VisualScripting.State", "Unity.VisualScripting.State.Player.csproj", "{B3620A20-D941-F737-E1EC-42CE63C3589F}"
EndProject
Project("{FAE04EC0-301F-11D3-BF4B-00C04F79EFBC}") = "Unity.Formats.Fbx.Runtime", "Unity.Formats.Fbx.Runtime.Player.csproj", "{66E825B0-A28B-7B8C-12A7-F86266364CA3}"
EndProject
Project("{FAE04EC0-301F-11D3-BF4B-00C04F79EFBC}") = "Unity.TextMeshPro", "Unity.TextMeshPro.Player.csproj", "{72AF6ACF-F5D3-8E16-82A1-C3E9FA085250}"
EndProject
Project("{FAE04EC0-301F-11D3-BF4B-00C04F79EFBC}") = "Assembly-CSharp-firstpass", "Assembly-CSharp-firstpass.Player.csproj", "{A5A96B9D-4E7B-5D60-B5AE-80B17326B614}"
EndProject
Project("{FAE04EC0-301F-11D3-BF4B-00C04F79EFBC}") = "Unity.ProBuilder.Stl", "Unity.ProBuilder.Stl.Player.csproj", "{03F79D55-1DEA-5986-979A-FC07CB1656E3}"
EndProject
Project("{FAE04EC0-301F-11D3-BF4B-00C04F79EFBC}") = "Unity.ProBuilder.KdTree", "Unity.ProBuilder.KdTree.Player.csproj", "{A698C3CE-D542-B726-1435-EAA5BCD2BD0D}"
EndProject
Project("{FAE04EC0-301F-11D3-BF4B-00C04F79EFBC}") = "Unity.RenderPipelines.ShaderGraph.ShaderGraphLibrary", "Unity.RenderPipelines.ShaderGraph.ShaderGraphLibrary.Player.csproj", "{6BC671B5-14B6-9E3B-E094-46B475E7636C}"
EndProject
Project("{FAE04EC0-301F-11D3-BF4B-00C04F79EFBC}") = "Unity.RenderPipelines.Core.ShaderLibrary", "Unity.RenderPipelines.Core.ShaderLibrary.Player.csproj", "{2DA1E7AA-30CA-9CFD-68FF-E0E7594B7C8E}"
EndProject
Project("{FAE04EC0-301F-11D3-BF4B-00C04F79EFBC}") = "FbxBuildTestAssets", "FbxBuildTestAssets.Player.csproj", "{D25EA196-0814-5287-D196-64D7476E0D14}"
EndProject
Project("{FAE04EC0-301F-11D3-BF4B-00C04F79EFBC}") = "Unity.RenderPipelines.Universal.Shaders", "Unity.RenderPipelines.Universal.Shaders.Player.csproj", "{DCB092EC-3D04-B164-D2D1-0D12B6104322}"
EndProject
Global
	GlobalSection(SolutionConfigurationPlatforms) = preSolution
		Debug|Any CPU = Debug|Any CPU
		Release|Any CPU = Release|Any CPU
	EndGlobalSection
	GlobalSection(ProjectConfigurationPlatforms) = postSolution
		{7D799AC6-DEB2-8448-3E9F-7321456F1DFA}.Debug|Any CPU.ActiveCfg = Debug|Any CPU
		{7D799AC6-DEB2-8448-3E9F-7321456F1DFA}.Debug|Any CPU.Build.0 = Debug|Any CPU
		{7D799AC6-DEB2-8448-3E9F-7321456F1DFA}.Release|Any CPU.ActiveCfg = Release|Any CPU
		{7D799AC6-DEB2-8448-3E9F-7321456F1DFA}.Release|Any CPU.Build.0 = Release|Any CPU
		{66B8AB5B-1D3A-6773-18E1-A378B616EC71}.Debug|Any CPU.ActiveCfg = Debug|Any CPU
		{66B8AB5B-1D3A-6773-18E1-A378B616EC71}.Debug|Any CPU.Build.0 = Debug|Any CPU
		{66B8AB5B-1D3A-6773-18E1-A378B616EC71}.Release|Any CPU.ActiveCfg = Release|Any CPU
		{66B8AB5B-1D3A-6773-18E1-A378B616EC71}.Release|Any CPU.Build.0 = Release|Any CPU
		{0E3C547E-1310-8A7B-49F2-FEC01805006A}.Debug|Any CPU.ActiveCfg = Debug|Any CPU
		{0E3C547E-1310-8A7B-49F2-FEC01805006A}.Debug|Any CPU.Build.0 = Debug|Any CPU
		{0E3C547E-1310-8A7B-49F2-FEC01805006A}.Release|Any CPU.ActiveCfg = Release|Any CPU
		{0E3C547E-1310-8A7B-49F2-FEC01805006A}.Release|Any CPU.Build.0 = Release|Any CPU
		{9A63F788-A62D-C487-7680-9ABC19C011EA}.Debug|Any CPU.ActiveCfg = Debug|Any CPU
		{9A63F788-A62D-C487-7680-9ABC19C011EA}.Debug|Any CPU.Build.0 = Debug|Any CPU
		{9A63F788-A62D-C487-7680-9ABC19C011EA}.Release|Any CPU.ActiveCfg = Release|Any CPU
		{9A63F788-A62D-C487-7680-9ABC19C011EA}.Release|Any CPU.Build.0 = Release|Any CPU
		{E4B52BBF-985A-E041-EB8F-217E95D90308}.Debug|Any CPU.ActiveCfg = Debug|Any CPU
		{E4B52BBF-985A-E041-EB8F-217E95D90308}.Debug|Any CPU.Build.0 = Debug|Any CPU
		{E4B52BBF-985A-E041-EB8F-217E95D90308}.Release|Any CPU.ActiveCfg = Release|Any CPU
		{E4B52BBF-985A-E041-EB8F-217E95D90308}.Release|Any CPU.Build.0 = Release|Any CPU
		{34D36AE1-763F-C43E-4C8C-F4397393778E}.Debug|Any CPU.ActiveCfg = Debug|Any CPU
		{34D36AE1-763F-C43E-4C8C-F4397393778E}.Debug|Any CPU.Build.0 = Debug|Any CPU
		{34D36AE1-763F-C43E-4C8C-F4397393778E}.Release|Any CPU.ActiveCfg = Release|Any CPU
		{34D36AE1-763F-C43E-4C8C-F4397393778E}.Release|Any CPU.Build.0 = Release|Any CPU
		{0423898F-EFE3-AE56-76C1-DF0B1491300A}.Debug|Any CPU.ActiveCfg = Debug|Any CPU
		{0423898F-EFE3-AE56-76C1-DF0B1491300A}.Debug|Any CPU.Build.0 = Debug|Any CPU
		{0423898F-EFE3-AE56-76C1-DF0B1491300A}.Release|Any CPU.ActiveCfg = Release|Any CPU
		{0423898F-EFE3-AE56-76C1-DF0B1491300A}.Release|Any CPU.Build.0 = Release|Any CPU
		{AD95A2C8-84D0-B09A-C1DF-E45DC00033B6}.Debug|Any CPU.ActiveCfg = Debug|Any CPU
		{AD95A2C8-84D0-B09A-C1DF-E45DC00033B6}.Debug|Any CPU.Build.0 = Debug|Any CPU
		{AD95A2C8-84D0-B09A-C1DF-E45DC00033B6}.Release|Any CPU.ActiveCfg = Release|Any CPU
		{AD95A2C8-84D0-B09A-C1DF-E45DC00033B6}.Release|Any CPU.Build.0 = Release|Any CPU
		{DB7B1865-DE2D-611F-B820-32F02E39DF1F}.Debug|Any CPU.ActiveCfg = Debug|Any CPU
		{DB7B1865-DE2D-611F-B820-32F02E39DF1F}.Debug|Any CPU.Build.0 = Debug|Any CPU
		{DB7B1865-DE2D-611F-B820-32F02E39DF1F}.Release|Any CPU.ActiveCfg = Release|Any CPU
		{DB7B1865-DE2D-611F-B820-32F02E39DF1F}.Release|Any CPU.Build.0 = Release|Any CPU
		{31142948-E8A4-E7AA-91DE-2E483C8804C1}.Debug|Any CPU.ActiveCfg = Debug|Any CPU
		{31142948-E8A4-E7AA-91DE-2E483C8804C1}.Debug|Any CPU.Build.0 = Debug|Any CPU
		{31142948-E8A4-E7AA-91DE-2E483C8804C1}.Release|Any CPU.ActiveCfg = Release|Any CPU
		{31142948-E8A4-E7AA-91DE-2E483C8804C1}.Release|Any CPU.Build.0 = Release|Any CPU
		{E0AB2452-7E37-FC1F-4B18-4DD4C19F8DF4}.Debug|Any CPU.ActiveCfg = Debug|Any CPU
		{E0AB2452-7E37-FC1F-4B18-4DD4C19F8DF4}.Debug|Any CPU.Build.0 = Debug|Any CPU
		{E0AB2452-7E37-FC1F-4B18-4DD4C19F8DF4}.Release|Any CPU.ActiveCfg = Release|Any CPU
		{E0AB2452-7E37-FC1F-4B18-4DD4C19F8DF4}.Release|Any CPU.Build.0 = Release|Any CPU
		{2081637C-9C07-F78F-A149-70221283B3D7}.Debug|Any CPU.ActiveCfg = Debug|Any CPU
		{2081637C-9C07-F78F-A149-70221283B3D7}.Debug|Any CPU.Build.0 = Debug|Any CPU
		{2081637C-9C07-F78F-A149-70221283B3D7}.Release|Any CPU.ActiveCfg = Release|Any CPU
		{2081637C-9C07-F78F-A149-70221283B3D7}.Release|Any CPU.Build.0 = Release|Any CPU
		{A1093D10-49CA-08A6-683A-4FC409D467AA}.Debug|Any CPU.ActiveCfg = Debug|Any CPU
		{A1093D10-49CA-08A6-683A-4FC409D467AA}.Debug|Any CPU.Build.0 = Debug|Any CPU
		{A1093D10-49CA-08A6-683A-4FC409D467AA}.Release|Any CPU.ActiveCfg = Release|Any CPU
		{A1093D10-49CA-08A6-683A-4FC409D467AA}.Release|Any CPU.Build.0 = Release|Any CPU
		{B24EF034-82AD-958A-3619-A4A3B8282D61}.Debug|Any CPU.ActiveCfg = Debug|Any CPU
		{B24EF034-82AD-958A-3619-A4A3B8282D61}.Debug|Any CPU.Build.0 = Debug|Any CPU
		{B24EF034-82AD-958A-3619-A4A3B8282D61}.Release|Any CPU.ActiveCfg = Release|Any CPU
		{B24EF034-82AD-958A-3619-A4A3B8282D61}.Release|Any CPU.Build.0 = Release|Any CPU
		{489AF854-0EC7-C8C8-CC49-2F0A2803369B}.Debug|Any CPU.ActiveCfg = Debug|Any CPU
		{489AF854-0EC7-C8C8-CC49-2F0A2803369B}.Debug|Any CPU.Build.0 = Debug|Any CPU
		{489AF854-0EC7-C8C8-CC49-2F0A2803369B}.Release|Any CPU.ActiveCfg = Release|Any CPU
		{489AF854-0EC7-C8C8-CC49-2F0A2803369B}.Release|Any CPU.Build.0 = Release|Any CPU
		{E35EDF45-ECBB-C015-AC96-536CB73CC634}.Debug|Any CPU.ActiveCfg = Debug|Any CPU
		{E35EDF45-ECBB-C015-AC96-536CB73CC634}.Debug|Any CPU.Build.0 = Debug|Any CPU
		{E35EDF45-ECBB-C015-AC96-536CB73CC634}.Release|Any CPU.ActiveCfg = Release|Any CPU
		{E35EDF45-ECBB-C015-AC96-536CB73CC634}.Release|Any CPU.Build.0 = Release|Any CPU
		{6DBB3671-4817-ECBB-6D2C-51A8939A7C4A}.Debug|Any CPU.ActiveCfg = Debug|Any CPU
		{6DBB3671-4817-ECBB-6D2C-51A8939A7C4A}.Debug|Any CPU.Build.0 = Debug|Any CPU
		{6DBB3671-4817-ECBB-6D2C-51A8939A7C4A}.Release|Any CPU.ActiveCfg = Release|Any CPU
		{6DBB3671-4817-ECBB-6D2C-51A8939A7C4A}.Release|Any CPU.Build.0 = Release|Any CPU
		{4D5DFD7A-7085-E1A2-5A0E-5C9A88411C90}.Debug|Any CPU.ActiveCfg = Debug|Any CPU
		{4D5DFD7A-7085-E1A2-5A0E-5C9A88411C90}.Debug|Any CPU.Build.0 = Debug|Any CPU
		{4D5DFD7A-7085-E1A2-5A0E-5C9A88411C90}.Release|Any CPU.ActiveCfg = Release|Any CPU
		{4D5DFD7A-7085-E1A2-5A0E-5C9A88411C90}.Release|Any CPU.Build.0 = Release|Any CPU
		{4619EB5F-F360-AEF3-DFEE-DA46CBE882F8}.Debug|Any CPU.ActiveCfg = Debug|Any CPU
		{4619EB5F-F360-AEF3-DFEE-DA46CBE882F8}.Debug|Any CPU.Build.0 = Debug|Any CPU
		{4619EB5F-F360-AEF3-DFEE-DA46CBE882F8}.Release|Any CPU.ActiveCfg = Release|Any CPU
		{4619EB5F-F360-AEF3-DFEE-DA46CBE882F8}.Release|Any CPU.Build.0 = Release|Any CPU
		{6E2C91C4-F179-16AC-C707-CBFBCAF0745D}.Debug|Any CPU.ActiveCfg = Debug|Any CPU
		{6E2C91C4-F179-16AC-C707-CBFBCAF0745D}.Debug|Any CPU.Build.0 = Debug|Any CPU
		{6E2C91C4-F179-16AC-C707-CBFBCAF0745D}.Release|Any CPU.ActiveCfg = Release|Any CPU
		{6E2C91C4-F179-16AC-C707-CBFBCAF0745D}.Release|Any CPU.Build.0 = Release|Any CPU
		{1E778404-F9A6-1F6E-DDF9-E1EDD021812E}.Debug|Any CPU.ActiveCfg = Debug|Any CPU
		{1E778404-F9A6-1F6E-DDF9-E1EDD021812E}.Debug|Any CPU.Build.0 = Debug|Any CPU
		{1E778404-F9A6-1F6E-DDF9-E1EDD021812E}.Release|Any CPU.ActiveCfg = Release|Any CPU
		{1E778404-F9A6-1F6E-DDF9-E1EDD021812E}.Release|Any CPU.Build.0 = Release|Any CPU
		{961EDF51-C8AC-D8D4-2A21-45443FBF63DD}.Debug|Any CPU.ActiveCfg = Debug|Any CPU
		{961EDF51-C8AC-D8D4-2A21-45443FBF63DD}.Debug|Any CPU.Build.0 = Debug|Any CPU
		{961EDF51-C8AC-D8D4-2A21-45443FBF63DD}.Release|Any CPU.ActiveCfg = Release|Any CPU
		{961EDF51-C8AC-D8D4-2A21-45443FBF63DD}.Release|Any CPU.Build.0 = Release|Any CPU
		{B89ABA5E-3C8F-AB62-ADDA-A19FA378FDBE}.Debug|Any CPU.ActiveCfg = Debug|Any CPU
		{B89ABA5E-3C8F-AB62-ADDA-A19FA378FDBE}.Debug|Any CPU.Build.0 = Debug|Any CPU
		{B89ABA5E-3C8F-AB62-ADDA-A19FA378FDBE}.Release|Any CPU.ActiveCfg = Release|Any CPU
		{B89ABA5E-3C8F-AB62-ADDA-A19FA378FDBE}.Release|Any CPU.Build.0 = Release|Any CPU
		{A02EA945-923C-20E6-6B85-65A2AF079EB5}.Debug|Any CPU.ActiveCfg = Debug|Any CPU
		{A02EA945-923C-20E6-6B85-65A2AF079EB5}.Debug|Any CPU.Build.0 = Debug|Any CPU
		{A02EA945-923C-20E6-6B85-65A2AF079EB5}.Release|Any CPU.ActiveCfg = Release|Any CPU
		{A02EA945-923C-20E6-6B85-65A2AF079EB5}.Release|Any CPU.Build.0 = Release|Any CPU
		{D24AA160-A7EC-84E6-5ADD-49D598869493}.Debug|Any CPU.ActiveCfg = Debug|Any CPU
		{D24AA160-A7EC-84E6-5ADD-49D598869493}.Debug|Any CPU.Build.0 = Debug|Any CPU
		{D24AA160-A7EC-84E6-5ADD-49D598869493}.Release|Any CPU.ActiveCfg = Release|Any CPU
		{D24AA160-A7EC-84E6-5ADD-49D598869493}.Release|Any CPU.Build.0 = Release|Any CPU
		{3153DF43-A524-973B-ACF0-BAF978F4D973}.Debug|Any CPU.ActiveCfg = Debug|Any CPU
		{3153DF43-A524-973B-ACF0-BAF978F4D973}.Debug|Any CPU.Build.0 = Debug|Any CPU
		{3153DF43-A524-973B-ACF0-BAF978F4D973}.Release|Any CPU.ActiveCfg = Release|Any CPU
		{3153DF43-A524-973B-ACF0-BAF978F4D973}.Release|Any CPU.Build.0 = Release|Any CPU
		{5326B139-E76E-A9AD-52A9-EA709095518F}.Debug|Any CPU.ActiveCfg = Debug|Any CPU
		{5326B139-E76E-A9AD-52A9-EA709095518F}.Debug|Any CPU.Build.0 = Debug|Any CPU
		{5326B139-E76E-A9AD-52A9-EA709095518F}.Release|Any CPU.ActiveCfg = Release|Any CPU
		{5326B139-E76E-A9AD-52A9-EA709095518F}.Release|Any CPU.Build.0 = Release|Any CPU
		{FB2FADEC-D159-3EA4-78AE-EEFA743A9860}.Debug|Any CPU.ActiveCfg = Debug|Any CPU
		{FB2FADEC-D159-3EA4-78AE-EEFA743A9860}.Debug|Any CPU.Build.0 = Debug|Any CPU
		{FB2FADEC-D159-3EA4-78AE-EEFA743A9860}.Release|Any CPU.ActiveCfg = Release|Any CPU
		{FB2FADEC-D159-3EA4-78AE-EEFA743A9860}.Release|Any CPU.Build.0 = Release|Any CPU
		{8D6A49B4-1B26-F88C-3517-A112ACB980D8}.Debug|Any CPU.ActiveCfg = Debug|Any CPU
		{8D6A49B4-1B26-F88C-3517-A112ACB980D8}.Debug|Any CPU.Build.0 = Debug|Any CPU
		{8D6A49B4-1B26-F88C-3517-A112ACB980D8}.Release|Any CPU.ActiveCfg = Release|Any CPU
		{8D6A49B4-1B26-F88C-3517-A112ACB980D8}.Release|Any CPU.Build.0 = Release|Any CPU
		{D3875141-42AB-80E7-F991-37646327F67D}.Debug|Any CPU.ActiveCfg = Debug|Any CPU
		{D3875141-42AB-80E7-F991-37646327F67D}.Debug|Any CPU.Build.0 = Debug|Any CPU
		{D3875141-42AB-80E7-F991-37646327F67D}.Release|Any CPU.ActiveCfg = Release|Any CPU
		{D3875141-42AB-80E7-F991-37646327F67D}.Release|Any CPU.Build.0 = Release|Any CPU
		{94842B4D-3C51-9E21-FAB1-3ED5AA0A31B7}.Debug|Any CPU.ActiveCfg = Debug|Any CPU
		{94842B4D-3C51-9E21-FAB1-3ED5AA0A31B7}.Debug|Any CPU.Build.0 = Debug|Any CPU
		{94842B4D-3C51-9E21-FAB1-3ED5AA0A31B7}.Release|Any CPU.ActiveCfg = Release|Any CPU
		{94842B4D-3C51-9E21-FAB1-3ED5AA0A31B7}.Release|Any CPU.Build.0 = Release|Any CPU
		{02A688A6-C6F9-3A26-D0C8-A28CB78428AE}.Debug|Any CPU.ActiveCfg = Debug|Any CPU
		{02A688A6-C6F9-3A26-D0C8-A28CB78428AE}.Debug|Any CPU.Build.0 = Debug|Any CPU
		{02A688A6-C6F9-3A26-D0C8-A28CB78428AE}.Release|Any CPU.ActiveCfg = Release|Any CPU
		{02A688A6-C6F9-3A26-D0C8-A28CB78428AE}.Release|Any CPU.Build.0 = Release|Any CPU
		{6692048D-14F3-6553-8C93-1AF3D79FDCE2}.Debug|Any CPU.ActiveCfg = Debug|Any CPU
		{6692048D-14F3-6553-8C93-1AF3D79FDCE2}.Debug|Any CPU.Build.0 = Debug|Any CPU
		{6692048D-14F3-6553-8C93-1AF3D79FDCE2}.Release|Any CPU.ActiveCfg = Release|Any CPU
		{6692048D-14F3-6553-8C93-1AF3D79FDCE2}.Release|Any CPU.Build.0 = Release|Any CPU
		{B04379A4-9F3E-C628-C421-84BA860887A6}.Debug|Any CPU.ActiveCfg = Debug|Any CPU
		{B04379A4-9F3E-C628-C421-84BA860887A6}.Debug|Any CPU.Build.0 = Debug|Any CPU
		{B04379A4-9F3E-C628-C421-84BA860887A6}.Release|Any CPU.ActiveCfg = Release|Any CPU
		{B04379A4-9F3E-C628-C421-84BA860887A6}.Release|Any CPU.Build.0 = Release|Any CPU
		{2206E8A0-D88D-751A-E8F7-409B13B24E4C}.Debug|Any CPU.ActiveCfg = Debug|Any CPU
		{2206E8A0-D88D-751A-E8F7-409B13B24E4C}.Debug|Any CPU.Build.0 = Debug|Any CPU
		{2206E8A0-D88D-751A-E8F7-409B13B24E4C}.Release|Any CPU.ActiveCfg = Release|Any CPU
		{2206E8A0-D88D-751A-E8F7-409B13B24E4C}.Release|Any CPU.Build.0 = Release|Any CPU
		{CCB7B23F-01E9-474E-18DB-214E097B62E6}.Debug|Any CPU.ActiveCfg = Debug|Any CPU
		{CCB7B23F-01E9-474E-18DB-214E097B62E6}.Debug|Any CPU.Build.0 = Debug|Any CPU
		{CCB7B23F-01E9-474E-18DB-214E097B62E6}.Release|Any CPU.ActiveCfg = Release|Any CPU
		{CCB7B23F-01E9-474E-18DB-214E097B62E6}.Release|Any CPU.Build.0 = Release|Any CPU
		{05FD4AEE-B75C-3DEB-54DE-1DD35038B3A0}.Debug|Any CPU.ActiveCfg = Debug|Any CPU
		{05FD4AEE-B75C-3DEB-54DE-1DD35038B3A0}.Debug|Any CPU.Build.0 = Debug|Any CPU
		{05FD4AEE-B75C-3DEB-54DE-1DD35038B3A0}.Release|Any CPU.ActiveCfg = Release|Any CPU
		{05FD4AEE-B75C-3DEB-54DE-1DD35038B3A0}.Release|Any CPU.Build.0 = Release|Any CPU
		{72DB2D24-6D1B-16DC-8054-74573DD6EEF5}.Debug|Any CPU.ActiveCfg = Debug|Any CPU
		{72DB2D24-6D1B-16DC-8054-74573DD6EEF5}.Debug|Any CPU.Build.0 = Debug|Any CPU
		{72DB2D24-6D1B-16DC-8054-74573DD6EEF5}.Release|Any CPU.ActiveCfg = Release|Any CPU
		{72DB2D24-6D1B-16DC-8054-74573DD6EEF5}.Release|Any CPU.Build.0 = Release|Any CPU
		{9F6AF782-2EC0-BF78-C939-C0F457EEC0F4}.Debug|Any CPU.ActiveCfg = Debug|Any CPU
		{9F6AF782-2EC0-BF78-C939-C0F457EEC0F4}.Debug|Any CPU.Build.0 = Debug|Any CPU
		{9F6AF782-2EC0-BF78-C939-C0F457EEC0F4}.Release|Any CPU.ActiveCfg = Release|Any CPU
		{9F6AF782-2EC0-BF78-C939-C0F457EEC0F4}.Release|Any CPU.Build.0 = Release|Any CPU
		{125F1573-F4ED-B0BF-602B-9119BA89FF15}.Debug|Any CPU.ActiveCfg = Debug|Any CPU
		{125F1573-F4ED-B0BF-602B-9119BA89FF15}.Debug|Any CPU.Build.0 = Debug|Any CPU
		{125F1573-F4ED-B0BF-602B-9119BA89FF15}.Release|Any CPU.ActiveCfg = Release|Any CPU
		{125F1573-F4ED-B0BF-602B-9119BA89FF15}.Release|Any CPU.Build.0 = Release|Any CPU
		{C677D190-4B6A-7A25-BBEA-3E681BC177BE}.Debug|Any CPU.ActiveCfg = Debug|Any CPU
		{C677D190-4B6A-7A25-BBEA-3E681BC177BE}.Debug|Any CPU.Build.0 = Debug|Any CPU
		{C677D190-4B6A-7A25-BBEA-3E681BC177BE}.Release|Any CPU.ActiveCfg = Release|Any CPU
		{C677D190-4B6A-7A25-BBEA-3E681BC177BE}.Release|Any CPU.Build.0 = Release|Any CPU
		{62597539-A98C-1033-C1C9-20F509604D7B}.Debug|Any CPU.ActiveCfg = Debug|Any CPU
		{62597539-A98C-1033-C1C9-20F509604D7B}.Debug|Any CPU.Build.0 = Debug|Any CPU
		{62597539-A98C-1033-C1C9-20F509604D7B}.Release|Any CPU.ActiveCfg = Release|Any CPU
		{62597539-A98C-1033-C1C9-20F509604D7B}.Release|Any CPU.Build.0 = Release|Any CPU
		{0494C5C8-9DC4-3C08-A692-A85A5723AC04}.Debug|Any CPU.ActiveCfg = Debug|Any CPU
		{0494C5C8-9DC4-3C08-A692-A85A5723AC04}.Debug|Any CPU.Build.0 = Debug|Any CPU
		{0494C5C8-9DC4-3C08-A692-A85A5723AC04}.Release|Any CPU.ActiveCfg = Release|Any CPU
		{0494C5C8-9DC4-3C08-A692-A85A5723AC04}.Release|Any CPU.Build.0 = Release|Any CPU
		{038762CC-F45F-CF28-41C6-FFC0C8431DA4}.Debug|Any CPU.ActiveCfg = Debug|Any CPU
		{038762CC-F45F-CF28-41C6-FFC0C8431DA4}.Debug|Any CPU.Build.0 = Debug|Any CPU
		{038762CC-F45F-CF28-41C6-FFC0C8431DA4}.Release|Any CPU.ActiveCfg = Release|Any CPU
		{038762CC-F45F-CF28-41C6-FFC0C8431DA4}.Release|Any CPU.Build.0 = Release|Any CPU
		{4D9B5BA7-6E53-52C7-96EA-4725FC91F83F}.Debug|Any CPU.ActiveCfg = Debug|Any CPU
		{4D9B5BA7-6E53-52C7-96EA-4725FC91F83F}.Debug|Any CPU.Build.0 = Debug|Any CPU
		{4D9B5BA7-6E53-52C7-96EA-4725FC91F83F}.Release|Any CPU.ActiveCfg = Release|Any CPU
		{4D9B5BA7-6E53-52C7-96EA-4725FC91F83F}.Release|Any CPU.Build.0 = Release|Any CPU
		{BC748373-39E4-2628-65D4-3EFAF922B695}.Debug|Any CPU.ActiveCfg = Debug|Any CPU
		{BC748373-39E4-2628-65D4-3EFAF922B695}.Debug|Any CPU.Build.0 = Debug|Any CPU
		{BC748373-39E4-2628-65D4-3EFAF922B695}.Release|Any CPU.ActiveCfg = Release|Any CPU
		{BC748373-39E4-2628-65D4-3EFAF922B695}.Release|Any CPU.Build.0 = Release|Any CPU
		{7C09EE4F-31FA-8F21-8506-79CFED7535D3}.Debug|Any CPU.ActiveCfg = Debug|Any CPU
		{7C09EE4F-31FA-8F21-8506-79CFED7535D3}.Debug|Any CPU.Build.0 = Debug|Any CPU
		{7C09EE4F-31FA-8F21-8506-79CFED7535D3}.Release|Any CPU.ActiveCfg = Release|Any CPU
		{7C09EE4F-31FA-8F21-8506-79CFED7535D3}.Release|Any CPU.Build.0 = Release|Any CPU
		{6277995B-A3B4-8A9B-A295-1226CFFB6AF2}.Debug|Any CPU.ActiveCfg = Debug|Any CPU
		{6277995B-A3B4-8A9B-A295-1226CFFB6AF2}.Debug|Any CPU.Build.0 = Debug|Any CPU
		{6277995B-A3B4-8A9B-A295-1226CFFB6AF2}.Release|Any CPU.ActiveCfg = Release|Any CPU
		{6277995B-A3B4-8A9B-A295-1226CFFB6AF2}.Release|Any CPU.Build.0 = Release|Any CPU
		{FC82FE99-2B33-772D-5C85-062DF3EAF839}.Debug|Any CPU.ActiveCfg = Debug|Any CPU
		{FC82FE99-2B33-772D-5C85-062DF3EAF839}.Debug|Any CPU.Build.0 = Debug|Any CPU
		{FC82FE99-2B33-772D-5C85-062DF3EAF839}.Release|Any CPU.ActiveCfg = Release|Any CPU
		{FC82FE99-2B33-772D-5C85-062DF3EAF839}.Release|Any CPU.Build.0 = Release|Any CPU
		{CF927F56-8D76-3368-E90C-472FA88CB67F}.Debug|Any CPU.ActiveCfg = Debug|Any CPU
		{CF927F56-8D76-3368-E90C-472FA88CB67F}.Debug|Any CPU.Build.0 = Debug|Any CPU
		{CF927F56-8D76-3368-E90C-472FA88CB67F}.Release|Any CPU.ActiveCfg = Release|Any CPU
		{CF927F56-8D76-3368-E90C-472FA88CB67F}.Release|Any CPU.Build.0 = Release|Any CPU
		{14FA4CFF-6505-76BB-CDFA-EFFB0636C172}.Debug|Any CPU.ActiveCfg = Debug|Any CPU
		{14FA4CFF-6505-76BB-CDFA-EFFB0636C172}.Debug|Any CPU.Build.0 = Debug|Any CPU
		{14FA4CFF-6505-76BB-CDFA-EFFB0636C172}.Release|Any CPU.ActiveCfg = Release|Any CPU
		{14FA4CFF-6505-76BB-CDFA-EFFB0636C172}.Release|Any CPU.Build.0 = Release|Any CPU
		{DADAB07E-3950-1841-5646-669FFF4670E7}.Debug|Any CPU.ActiveCfg = Debug|Any CPU
		{DADAB07E-3950-1841-5646-669FFF4670E7}.Debug|Any CPU.Build.0 = Debug|Any CPU
		{DADAB07E-3950-1841-5646-669FFF4670E7}.Release|Any CPU.ActiveCfg = Release|Any CPU
		{DADAB07E-3950-1841-5646-669FFF4670E7}.Release|Any CPU.Build.0 = Release|Any CPU
		{A64693FA-FE31-3B54-6CB7-C726EF892081}.Debug|Any CPU.ActiveCfg = Debug|Any CPU
		{A64693FA-FE31-3B54-6CB7-C726EF892081}.Debug|Any CPU.Build.0 = Debug|Any CPU
		{A64693FA-FE31-3B54-6CB7-C726EF892081}.Release|Any CPU.ActiveCfg = Release|Any CPU
		{A64693FA-FE31-3B54-6CB7-C726EF892081}.Release|Any CPU.Build.0 = Release|Any CPU
		{C0E1378F-9156-8E4B-141D-682ECB872317}.Debug|Any CPU.ActiveCfg = Debug|Any CPU
		{C0E1378F-9156-8E4B-141D-682ECB872317}.Debug|Any CPU.Build.0 = Debug|Any CPU
		{C0E1378F-9156-8E4B-141D-682ECB872317}.Release|Any CPU.ActiveCfg = Release|Any CPU
		{C0E1378F-9156-8E4B-141D-682ECB872317}.Release|Any CPU.Build.0 = Release|Any CPU
		{9BDBD893-6982-F000-D035-D7B90D5353C8}.Debug|Any CPU.ActiveCfg = Debug|Any CPU
		{9BDBD893-6982-F000-D035-D7B90D5353C8}.Debug|Any CPU.Build.0 = Debug|Any CPU
		{9BDBD893-6982-F000-D035-D7B90D5353C8}.Release|Any CPU.ActiveCfg = Release|Any CPU
		{9BDBD893-6982-F000-D035-D7B90D5353C8}.Release|Any CPU.Build.0 = Release|Any CPU
		{5F39C146-0387-2D36-0A85-032C7A747FB2}.Debug|Any CPU.ActiveCfg = Debug|Any CPU
		{5F39C146-0387-2D36-0A85-032C7A747FB2}.Debug|Any CPU.Build.0 = Debug|Any CPU
		{5F39C146-0387-2D36-0A85-032C7A747FB2}.Release|Any CPU.ActiveCfg = Release|Any CPU
		{5F39C146-0387-2D36-0A85-032C7A747FB2}.Release|Any CPU.Build.0 = Release|Any CPU
		{82B74932-E52F-2F55-7161-396F010B4788}.Debug|Any CPU.ActiveCfg = Debug|Any CPU
		{82B74932-E52F-2F55-7161-396F010B4788}.Debug|Any CPU.Build.0 = Debug|Any CPU
		{82B74932-E52F-2F55-7161-396F010B4788}.Release|Any CPU.ActiveCfg = Release|Any CPU
		{82B74932-E52F-2F55-7161-396F010B4788}.Release|Any CPU.Build.0 = Release|Any CPU
		{8A60059F-A877-CC31-4C79-8D27CB6BBA74}.Debug|Any CPU.ActiveCfg = Debug|Any CPU
		{8A60059F-A877-CC31-4C79-8D27CB6BBA74}.Debug|Any CPU.Build.0 = Debug|Any CPU
		{8A60059F-A877-CC31-4C79-8D27CB6BBA74}.Release|Any CPU.ActiveCfg = Release|Any CPU
		{8A60059F-A877-CC31-4C79-8D27CB6BBA74}.Release|Any CPU.Build.0 = Release|Any CPU
		{4151D3CF-D19B-319D-87AB-5922DBE1274C}.Debug|Any CPU.ActiveCfg = Debug|Any CPU
		{4151D3CF-D19B-319D-87AB-5922DBE1274C}.Debug|Any CPU.Build.0 = Debug|Any CPU
		{4151D3CF-D19B-319D-87AB-5922DBE1274C}.Release|Any CPU.ActiveCfg = Release|Any CPU
		{4151D3CF-D19B-319D-87AB-5922DBE1274C}.Release|Any CPU.Build.0 = Release|Any CPU
		{7BEFDFF3-46C1-16FD-65F5-58B8A93B91B8}.Debug|Any CPU.ActiveCfg = Debug|Any CPU
		{7BEFDFF3-46C1-16FD-65F5-58B8A93B91B8}.Debug|Any CPU.Build.0 = Debug|Any CPU
		{7BEFDFF3-46C1-16FD-65F5-58B8A93B91B8}.Release|Any CPU.ActiveCfg = Release|Any CPU
		{7BEFDFF3-46C1-16FD-65F5-58B8A93B91B8}.Release|Any CPU.Build.0 = Release|Any CPU
		{ABB42CFC-2D08-9C98-89D9-699B54CF0096}.Debug|Any CPU.ActiveCfg = Debug|Any CPU
		{ABB42CFC-2D08-9C98-89D9-699B54CF0096}.Debug|Any CPU.Build.0 = Debug|Any CPU
		{ABB42CFC-2D08-9C98-89D9-699B54CF0096}.Release|Any CPU.ActiveCfg = Release|Any CPU
		{ABB42CFC-2D08-9C98-89D9-699B54CF0096}.Release|Any CPU.Build.0 = Release|Any CPU
		{588B8C81-4381-145F-3931-C609C5850673}.Debug|Any CPU.ActiveCfg = Debug|Any CPU
		{588B8C81-4381-145F-3931-C609C5850673}.Debug|Any CPU.Build.0 = Debug|Any CPU
		{588B8C81-4381-145F-3931-C609C5850673}.Release|Any CPU.ActiveCfg = Release|Any CPU
		{588B8C81-4381-145F-3931-C609C5850673}.Release|Any CPU.Build.0 = Release|Any CPU
		{7ECD3F50-24A9-2701-FE36-942E219FEAC8}.Debug|Any CPU.ActiveCfg = Debug|Any CPU
		{7ECD3F50-24A9-2701-FE36-942E219FEAC8}.Debug|Any CPU.Build.0 = Debug|Any CPU
		{7ECD3F50-24A9-2701-FE36-942E219FEAC8}.Release|Any CPU.ActiveCfg = Release|Any CPU
		{7ECD3F50-24A9-2701-FE36-942E219FEAC8}.Release|Any CPU.Build.0 = Release|Any CPU
		{D3F31CE7-AFCD-B9AF-EE89-0313EAA83F66}.Debug|Any CPU.ActiveCfg = Debug|Any CPU
		{D3F31CE7-AFCD-B9AF-EE89-0313EAA83F66}.Debug|Any CPU.Build.0 = Debug|Any CPU
		{D3F31CE7-AFCD-B9AF-EE89-0313EAA83F66}.Release|Any CPU.ActiveCfg = Release|Any CPU
		{D3F31CE7-AFCD-B9AF-EE89-0313EAA83F66}.Release|Any CPU.Build.0 = Release|Any CPU
		{CCACC07B-BA93-09A0-0106-4D0D69984502}.Debug|Any CPU.ActiveCfg = Debug|Any CPU
		{CCACC07B-BA93-09A0-0106-4D0D69984502}.Debug|Any CPU.Build.0 = Debug|Any CPU
		{CCACC07B-BA93-09A0-0106-4D0D69984502}.Release|Any CPU.ActiveCfg = Release|Any CPU
		{CCACC07B-BA93-09A0-0106-4D0D69984502}.Release|Any CPU.Build.0 = Release|Any CPU
		{C3C4475C-7FF9-CF65-6D47-D2691767124A}.Debug|Any CPU.ActiveCfg = Debug|Any CPU
		{C3C4475C-7FF9-CF65-6D47-D2691767124A}.Debug|Any CPU.Build.0 = Debug|Any CPU
		{C3C4475C-7FF9-CF65-6D47-D2691767124A}.Release|Any CPU.ActiveCfg = Release|Any CPU
		{C3C4475C-7FF9-CF65-6D47-D2691767124A}.Release|Any CPU.Build.0 = Release|Any CPU
		{E5AF1E47-D6A1-E6FA-045C-CA62ADD8E4B5}.Debug|Any CPU.ActiveCfg = Debug|Any CPU
		{E5AF1E47-D6A1-E6FA-045C-CA62ADD8E4B5}.Debug|Any CPU.Build.0 = Debug|Any CPU
		{E5AF1E47-D6A1-E6FA-045C-CA62ADD8E4B5}.Release|Any CPU.ActiveCfg = Release|Any CPU
		{E5AF1E47-D6A1-E6FA-045C-CA62ADD8E4B5}.Release|Any CPU.Build.0 = Release|Any CPU
		{C7AB4A21-6B79-A226-35C0-44E2FD1DAF99}.Debug|Any CPU.ActiveCfg = Debug|Any CPU
		{C7AB4A21-6B79-A226-35C0-44E2FD1DAF99}.Debug|Any CPU.Build.0 = Debug|Any CPU
		{C7AB4A21-6B79-A226-35C0-44E2FD1DAF99}.Release|Any CPU.ActiveCfg = Release|Any CPU
		{C7AB4A21-6B79-A226-35C0-44E2FD1DAF99}.Release|Any CPU.Build.0 = Release|Any CPU
		{500715EB-BD69-3FD1-5EA4-79807C86AD8D}.Debug|Any CPU.ActiveCfg = Debug|Any CPU
		{500715EB-BD69-3FD1-5EA4-79807C86AD8D}.Debug|Any CPU.Build.0 = Debug|Any CPU
		{500715EB-BD69-3FD1-5EA4-79807C86AD8D}.Release|Any CPU.ActiveCfg = Release|Any CPU
		{500715EB-BD69-3FD1-5EA4-79807C86AD8D}.Release|Any CPU.Build.0 = Release|Any CPU
		{65551EFD-FA03-FA8B-1348-B4C8FCD24159}.Debug|Any CPU.ActiveCfg = Debug|Any CPU
		{65551EFD-FA03-FA8B-1348-B4C8FCD24159}.Debug|Any CPU.Build.0 = Debug|Any CPU
		{65551EFD-FA03-FA8B-1348-B4C8FCD24159}.Release|Any CPU.ActiveCfg = Release|Any CPU
		{65551EFD-FA03-FA8B-1348-B4C8FCD24159}.Release|Any CPU.Build.0 = Release|Any CPU
		{3BAEF62C-A973-0C2B-4400-83EAC0ED420E}.Debug|Any CPU.ActiveCfg = Debug|Any CPU
		{3BAEF62C-A973-0C2B-4400-83EAC0ED420E}.Debug|Any CPU.Build.0 = Debug|Any CPU
		{3BAEF62C-A973-0C2B-4400-83EAC0ED420E}.Release|Any CPU.ActiveCfg = Release|Any CPU
		{3BAEF62C-A973-0C2B-4400-83EAC0ED420E}.Release|Any CPU.Build.0 = Release|Any CPU
		{2996719E-C4A1-7C0B-53D5-88DBE14552F5}.Debug|Any CPU.ActiveCfg = Debug|Any CPU
		{2996719E-C4A1-7C0B-53D5-88DBE14552F5}.Debug|Any CPU.Build.0 = Debug|Any CPU
		{2996719E-C4A1-7C0B-53D5-88DBE14552F5}.Release|Any CPU.ActiveCfg = Release|Any CPU
		{2996719E-C4A1-7C0B-53D5-88DBE14552F5}.Release|Any CPU.Build.0 = Release|Any CPU
		{6E673A25-E93D-2C2D-7330-FACB557CCF84}.Debug|Any CPU.ActiveCfg = Debug|Any CPU
		{6E673A25-E93D-2C2D-7330-FACB557CCF84}.Debug|Any CPU.Build.0 = Debug|Any CPU
		{6E673A25-E93D-2C2D-7330-FACB557CCF84}.Release|Any CPU.ActiveCfg = Release|Any CPU
		{6E673A25-E93D-2C2D-7330-FACB557CCF84}.Release|Any CPU.Build.0 = Release|Any CPU
		{6AF94F35-2DB1-80CC-9C1D-FB90839371B8}.Debug|Any CPU.ActiveCfg = Debug|Any CPU
		{6AF94F35-2DB1-80CC-9C1D-FB90839371B8}.Debug|Any CPU.Build.0 = Debug|Any CPU
		{6AF94F35-2DB1-80CC-9C1D-FB90839371B8}.Release|Any CPU.ActiveCfg = Release|Any CPU
		{6AF94F35-2DB1-80CC-9C1D-FB90839371B8}.Release|Any CPU.Build.0 = Release|Any CPU
		{3BCA2092-38CB-164D-3AF7-0A777C75A11D}.Debug|Any CPU.ActiveCfg = Debug|Any CPU
		{3BCA2092-38CB-164D-3AF7-0A777C75A11D}.Debug|Any CPU.Build.0 = Debug|Any CPU
		{3BCA2092-38CB-164D-3AF7-0A777C75A11D}.Release|Any CPU.ActiveCfg = Release|Any CPU
		{3BCA2092-38CB-164D-3AF7-0A777C75A11D}.Release|Any CPU.Build.0 = Release|Any CPU
		{B3620A20-D941-F737-E1EC-42CE63C3589F}.Debug|Any CPU.ActiveCfg = Debug|Any CPU
		{B3620A20-D941-F737-E1EC-42CE63C3589F}.Debug|Any CPU.Build.0 = Debug|Any CPU
		{B3620A20-D941-F737-E1EC-42CE63C3589F}.Release|Any CPU.ActiveCfg = Release|Any CPU
		{B3620A20-D941-F737-E1EC-42CE63C3589F}.Release|Any CPU.Build.0 = Release|Any CPU
		{66E825B0-A28B-7B8C-12A7-F86266364CA3}.Debug|Any CPU.ActiveCfg = Debug|Any CPU
		{66E825B0-A28B-7B8C-12A7-F86266364CA3}.Debug|Any CPU.Build.0 = Debug|Any CPU
		{66E825B0-A28B-7B8C-12A7-F86266364CA3}.Release|Any CPU.ActiveCfg = Release|Any CPU
		{66E825B0-A28B-7B8C-12A7-F86266364CA3}.Release|Any CPU.Build.0 = Release|Any CPU
		{72AF6ACF-F5D3-8E16-82A1-C3E9FA085250}.Debug|Any CPU.ActiveCfg = Debug|Any CPU
		{72AF6ACF-F5D3-8E16-82A1-C3E9FA085250}.Debug|Any CPU.Build.0 = Debug|Any CPU
		{72AF6ACF-F5D3-8E16-82A1-C3E9FA085250}.Release|Any CPU.ActiveCfg = Release|Any CPU
		{72AF6ACF-F5D3-8E16-82A1-C3E9FA085250}.Release|Any CPU.Build.0 = Release|Any CPU
		{A5A96B9D-4E7B-5D60-B5AE-80B17326B614}.Debug|Any CPU.ActiveCfg = Debug|Any CPU
		{A5A96B9D-4E7B-5D60-B5AE-80B17326B614}.Debug|Any CPU.Build.0 = Debug|Any CPU
		{A5A96B9D-4E7B-5D60-B5AE-80B17326B614}.Release|Any CPU.ActiveCfg = Release|Any CPU
		{A5A96B9D-4E7B-5D60-B5AE-80B17326B614}.Release|Any CPU.Build.0 = Release|Any CPU
		{03F79D55-1DEA-5986-979A-FC07CB1656E3}.Debug|Any CPU.ActiveCfg = Debug|Any CPU
		{03F79D55-1DEA-5986-979A-FC07CB1656E3}.Debug|Any CPU.Build.0 = Debug|Any CPU
		{03F79D55-1DEA-5986-979A-FC07CB1656E3}.Release|Any CPU.ActiveCfg = Release|Any CPU
		{03F79D55-1DEA-5986-979A-FC07CB1656E3}.Release|Any CPU.Build.0 = Release|Any CPU
		{A698C3CE-D542-B726-1435-EAA5BCD2BD0D}.Debug|Any CPU.ActiveCfg = Debug|Any CPU
		{A698C3CE-D542-B726-1435-EAA5BCD2BD0D}.Debug|Any CPU.Build.0 = Debug|Any CPU
		{A698C3CE-D542-B726-1435-EAA5BCD2BD0D}.Release|Any CPU.ActiveCfg = Release|Any CPU
		{A698C3CE-D542-B726-1435-EAA5BCD2BD0D}.Release|Any CPU.Build.0 = Release|Any CPU
		{6BC671B5-14B6-9E3B-E094-46B475E7636C}.Debug|Any CPU.ActiveCfg = Debug|Any CPU
		{6BC671B5-14B6-9E3B-E094-46B475E7636C}.Debug|Any CPU.Build.0 = Debug|Any CPU
		{6BC671B5-14B6-9E3B-E094-46B475E7636C}.Release|Any CPU.ActiveCfg = Release|Any CPU
		{6BC671B5-14B6-9E3B-E094-46B475E7636C}.Release|Any CPU.Build.0 = Release|Any CPU
		{2DA1E7AA-30CA-9CFD-68FF-E0E7594B7C8E}.Debug|Any CPU.ActiveCfg = Debug|Any CPU
		{2DA1E7AA-30CA-9CFD-68FF-E0E7594B7C8E}.Debug|Any CPU.Build.0 = Debug|Any CPU
		{2DA1E7AA-30CA-9CFD-68FF-E0E7594B7C8E}.Release|Any CPU.ActiveCfg = Release|Any CPU
		{2DA1E7AA-30CA-9CFD-68FF-E0E7594B7C8E}.Release|Any CPU.Build.0 = Release|Any CPU
		{D25EA196-0814-5287-D196-64D7476E0D14}.Debug|Any CPU.ActiveCfg = Debug|Any CPU
		{D25EA196-0814-5287-D196-64D7476E0D14}.Debug|Any CPU.Build.0 = Debug|Any CPU
		{D25EA196-0814-5287-D196-64D7476E0D14}.Release|Any CPU.ActiveCfg = Release|Any CPU
		{D25EA196-0814-5287-D196-64D7476E0D14}.Release|Any CPU.Build.0 = Release|Any CPU
		{DCB092EC-3D04-B164-D2D1-0D12B6104322}.Debug|Any CPU.ActiveCfg = Debug|Any CPU
		{DCB092EC-3D04-B164-D2D1-0D12B6104322}.Debug|Any CPU.Build.0 = Debug|Any CPU
		{DCB092EC-3D04-B164-D2D1-0D12B6104322}.Release|Any CPU.ActiveCfg = Release|Any CPU
		{DCB092EC-3D04-B164-D2D1-0D12B6104322}.Release|Any CPU.Build.0 = Release|Any CPU
	EndGlobalSection
	GlobalSection(SolutionProperties) = preSolution
		HideSolutionNode = FALSE
	EndGlobalSection
EndGlobal
